// !$*UTF8*$!
{
	archiveVersion = 1;
	classes = {
	};
	objectVersion = 55;
	objects = {

/* Begin PBXBuildFile section */
		810EF77C2803D4AA002F4803 /* CustomCurvesBootCamp.swift in Sources */ = {isa = PBXBuildFile; fileRef = 810EF77B2803D4AA002F4803 /* CustomCurvesBootCamp.swift */; };
		810EF77E2803EFAA002F4803 /* AnimatableDataBootCamp.swift in Sources */ = {isa = PBXBuildFile; fileRef = 810EF77D2803EFAA002F4803 /* AnimatableDataBootCamp.swift */; };
		810EF7802804016E002F4803 /* GenericsBootCamp.swift in Sources */ = {isa = PBXBuildFile; fileRef = 810EF77F2804016E002F4803 /* GenericsBootCamp.swift */; };
		8150F0DA280557F50096B193 /* CustomTabBarContainerView.swift in Sources */ = {isa = PBXBuildFile; fileRef = 8150F0D9280557F50096B193 /* CustomTabBarContainerView.swift */; };
		816441AE27FD1B150020DD97 /* SwiftThinkingAdvanceApp.swift in Sources */ = {isa = PBXBuildFile; fileRef = 816441AD27FD1B150020DD97 /* SwiftThinkingAdvanceApp.swift */; };
		816441B227FD1B170020DD97 /* Assets.xcassets in Resources */ = {isa = PBXBuildFile; fileRef = 816441B127FD1B170020DD97 /* Assets.xcassets */; };
		816441B527FD1B170020DD97 /* Preview Assets.xcassets in Resources */ = {isa = PBXBuildFile; fileRef = 816441B427FD1B170020DD97 /* Preview Assets.xcassets */; };
		81B1D21B27FD29150082E0F3 /* ViewModifierBootCamp.swift in Sources */ = {isa = PBXBuildFile; fileRef = 81B1D21A27FD29150082E0F3 /* ViewModifierBootCamp.swift */; };
		81B1D21D27FD38D20082E0F3 /* ButtonStyleBootCamp.swift in Sources */ = {isa = PBXBuildFile; fileRef = 81B1D21C27FD38D20082E0F3 /* ButtonStyleBootCamp.swift */; };
		81C7639727FE739A00C63C16 /* AnyTransitionBootCamp.swift in Sources */ = {isa = PBXBuildFile; fileRef = 81C7639627FE739A00C63C16 /* AnyTransitionBootCamp.swift */; };
		81C7639927FE7D6100C63C16 /* MatchedGeometryEffectBootCamp.swift in Sources */ = {isa = PBXBuildFile; fileRef = 81C7639827FE7D6100C63C16 /* MatchedGeometryEffectBootCamp.swift */; };
		81C7639B27FE9DC600C63C16 /* CustomShapesBootCamp.swift in Sources */ = {isa = PBXBuildFile; fileRef = 81C7639A27FE9DC600C63C16 /* CustomShapesBootCamp.swift */; };
		81DCA01028063F9A00C361EC /* TabBarItemsPreferenceKey.swift in Sources */ = {isa = PBXBuildFile; fileRef = 81DCA00F28063F9A00C361EC /* TabBarItemsPreferenceKey.swift */; };
		81DCA012280642F300C361EC /* TabBarItem.swift in Sources */ = {isa = PBXBuildFile; fileRef = 81DCA011280642F300C361EC /* TabBarItem.swift */; };
		81DCA015280659D300C361EC /* AppNavBarView.swift in Sources */ = {isa = PBXBuildFile; fileRef = 81DCA014280659D300C361EC /* AppNavBarView.swift */; };
		81DCA01728065BE700C361EC /* CustomNavBarView.swift in Sources */ = {isa = PBXBuildFile; fileRef = 81DCA01628065BE700C361EC /* CustomNavBarView.swift */; };
		81DCA01928065EA300C361EC /* CustomNavBarContainerView.swift in Sources */ = {isa = PBXBuildFile; fileRef = 81DCA01828065EA300C361EC /* CustomNavBarContainerView.swift */; };
		81DCA01B280668B600C361EC /* CustomNavView.swift in Sources */ = {isa = PBXBuildFile; fileRef = 81DCA01A280668B600C361EC /* CustomNavView.swift */; };
		81DCA01D28066A6E00C361EC /* CustomNavLink.swift in Sources */ = {isa = PBXBuildFile; fileRef = 81DCA01C28066A6E00C361EC /* CustomNavLink.swift */; };
		81DCA01F28066E0100C361EC /* CustomNavBarPreferenceKeys.swift in Sources */ = {isa = PBXBuildFile; fileRef = 81DCA01E28066E0100C361EC /* CustomNavBarPreferenceKeys.swift */; };
		81DCA02128069C8A00C361EC /* UIViewRepresentableBootCamp.swift in Sources */ = {isa = PBXBuildFile; fileRef = 81DCA02028069C8A00C361EC /* UIViewRepresentableBootCamp.swift */; };
		81DCA0232806A8A900C361EC /* UIViewControllerRepresentableBootCamp.swift in Sources */ = {isa = PBXBuildFile; fileRef = 81DCA0222806A8A900C361EC /* UIViewControllerRepresentableBootCamp.swift */; };
		81DCA0252806B9FC00C361EC /* ProtocolBootCamp.swift in Sources */ = {isa = PBXBuildFile; fileRef = 81DCA0242806B9FC00C361EC /* ProtocolBootCamp.swift */; };
		81EA50AF280516820079AC74 /* ViewBuilderBootCamp.swift in Sources */ = {isa = PBXBuildFile; fileRef = 81EA50AE280516820079AC74 /* ViewBuilderBootCamp.swift */; };
		81EA50B1280538C10079AC74 /* PreferenceKeyBootCamp.swift in Sources */ = {isa = PBXBuildFile; fileRef = 81EA50B0280538C10079AC74 /* PreferenceKeyBootCamp.swift */; };
		81EA50B428053CC30079AC74 /* GeometryPreferenceBootCamp.swift in Sources */ = {isa = PBXBuildFile; fileRef = 81EA50B328053CC30079AC74 /* GeometryPreferenceBootCamp.swift */; };
		81EA50B628053FA90079AC74 /* ScrollViewOffsetPreferenceBootCamp.swift in Sources */ = {isa = PBXBuildFile; fileRef = 81EA50B528053FA90079AC74 /* ScrollViewOffsetPreferenceBootCamp.swift */; };
		81EA50B928054CAE0079AC74 /* AppTabBarView.swift in Sources */ = {isa = PBXBuildFile; fileRef = 81EA50B828054CAE0079AC74 /* AppTabBarView.swift */; };
		81EA50BB28054DD20079AC74 /* CustomTabBarView.swift in Sources */ = {isa = PBXBuildFile; fileRef = 81EA50BA28054DD20079AC74 /* CustomTabBarView.swift */; };
/* End PBXBuildFile section */

/* Begin PBXFileReference section */
		810EF77B2803D4AA002F4803 /* CustomCurvesBootCamp.swift */ = {isa = PBXFileReference; lastKnownFileType = sourcecode.swift; path = CustomCurvesBootCamp.swift; sourceTree = "<group>"; };
		810EF77D2803EFAA002F4803 /* AnimatableDataBootCamp.swift */ = {isa = PBXFileReference; lastKnownFileType = sourcecode.swift; path = AnimatableDataBootCamp.swift; sourceTree = "<group>"; };
		810EF77F2804016E002F4803 /* GenericsBootCamp.swift */ = {isa = PBXFileReference; lastKnownFileType = sourcecode.swift; path = GenericsBootCamp.swift; sourceTree = "<group>"; };
		8150F0D9280557F50096B193 /* CustomTabBarContainerView.swift */ = {isa = PBXFileReference; lastKnownFileType = sourcecode.swift; path = CustomTabBarContainerView.swift; sourceTree = "<group>"; };
		816441AA27FD1B150020DD97 /* SwiftThinkingAdvance.app */ = {isa = PBXFileReference; explicitFileType = wrapper.application; includeInIndex = 0; path = SwiftThinkingAdvance.app; sourceTree = BUILT_PRODUCTS_DIR; };
		816441AD27FD1B150020DD97 /* SwiftThinkingAdvanceApp.swift */ = {isa = PBXFileReference; lastKnownFileType = sourcecode.swift; path = SwiftThinkingAdvanceApp.swift; sourceTree = "<group>"; };
		816441B127FD1B170020DD97 /* Assets.xcassets */ = {isa = PBXFileReference; lastKnownFileType = folder.assetcatalog; path = Assets.xcassets; sourceTree = "<group>"; };
		816441B427FD1B170020DD97 /* Preview Assets.xcassets */ = {isa = PBXFileReference; lastKnownFileType = folder.assetcatalog; path = "Preview Assets.xcassets"; sourceTree = "<group>"; };
		81B1D21A27FD29150082E0F3 /* ViewModifierBootCamp.swift */ = {isa = PBXFileReference; lastKnownFileType = sourcecode.swift; path = ViewModifierBootCamp.swift; sourceTree = "<group>"; };
		81B1D21C27FD38D20082E0F3 /* ButtonStyleBootCamp.swift */ = {isa = PBXFileReference; lastKnownFileType = sourcecode.swift; path = ButtonStyleBootCamp.swift; sourceTree = "<group>"; };
		81C7639627FE739A00C63C16 /* AnyTransitionBootCamp.swift */ = {isa = PBXFileReference; lastKnownFileType = sourcecode.swift; path = AnyTransitionBootCamp.swift; sourceTree = "<group>"; };
		81C7639827FE7D6100C63C16 /* MatchedGeometryEffectBootCamp.swift */ = {isa = PBXFileReference; lastKnownFileType = sourcecode.swift; path = MatchedGeometryEffectBootCamp.swift; sourceTree = "<group>"; };
		81C7639A27FE9DC600C63C16 /* CustomShapesBootCamp.swift */ = {isa = PBXFileReference; lastKnownFileType = sourcecode.swift; path = CustomShapesBootCamp.swift; sourceTree = "<group>"; };
		81DCA00F28063F9A00C361EC /* TabBarItemsPreferenceKey.swift */ = {isa = PBXFileReference; lastKnownFileType = sourcecode.swift; path = TabBarItemsPreferenceKey.swift; sourceTree = "<group>"; };
		81DCA011280642F300C361EC /* TabBarItem.swift */ = {isa = PBXFileReference; lastKnownFileType = sourcecode.swift; path = TabBarItem.swift; sourceTree = "<group>"; };
		81DCA014280659D300C361EC /* AppNavBarView.swift */ = {isa = PBXFileReference; lastKnownFileType = sourcecode.swift; path = AppNavBarView.swift; sourceTree = "<group>"; };
		81DCA01628065BE700C361EC /* CustomNavBarView.swift */ = {isa = PBXFileReference; lastKnownFileType = sourcecode.swift; path = CustomNavBarView.swift; sourceTree = "<group>"; };
		81DCA01828065EA300C361EC /* CustomNavBarContainerView.swift */ = {isa = PBXFileReference; lastKnownFileType = sourcecode.swift; path = CustomNavBarContainerView.swift; sourceTree = "<group>"; };
		81DCA01A280668B600C361EC /* CustomNavView.swift */ = {isa = PBXFileReference; lastKnownFileType = sourcecode.swift; path = CustomNavView.swift; sourceTree = "<group>"; };
		81DCA01C28066A6E00C361EC /* CustomNavLink.swift */ = {isa = PBXFileReference; lastKnownFileType = sourcecode.swift; path = CustomNavLink.swift; sourceTree = "<group>"; };
		81DCA01E28066E0100C361EC /* CustomNavBarPreferenceKeys.swift */ = {isa = PBXFileReference; lastKnownFileType = sourcecode.swift; path = CustomNavBarPreferenceKeys.swift; sourceTree = "<group>"; };
		81DCA02028069C8A00C361EC /* UIViewRepresentableBootCamp.swift */ = {isa = PBXFileReference; lastKnownFileType = sourcecode.swift; path = UIViewRepresentableBootCamp.swift; sourceTree = "<group>"; };
		81DCA0222806A8A900C361EC /* UIViewControllerRepresentableBootCamp.swift */ = {isa = PBXFileReference; lastKnownFileType = sourcecode.swift; path = UIViewControllerRepresentableBootCamp.swift; sourceTree = "<group>"; };
		81DCA0242806B9FC00C361EC /* ProtocolBootCamp.swift */ = {isa = PBXFileReference; lastKnownFileType = sourcecode.swift; path = ProtocolBootCamp.swift; sourceTree = "<group>"; };
		81EA50AE280516820079AC74 /* ViewBuilderBootCamp.swift */ = {isa = PBXFileReference; lastKnownFileType = sourcecode.swift; path = ViewBuilderBootCamp.swift; sourceTree = "<group>"; };
		81EA50B0280538C10079AC74 /* PreferenceKeyBootCamp.swift */ = {isa = PBXFileReference; lastKnownFileType = sourcecode.swift; path = PreferenceKeyBootCamp.swift; sourceTree = "<group>"; };
		81EA50B328053CC30079AC74 /* GeometryPreferenceBootCamp.swift */ = {isa = PBXFileReference; lastKnownFileType = sourcecode.swift; path = GeometryPreferenceBootCamp.swift; sourceTree = "<group>"; };
		81EA50B528053FA90079AC74 /* ScrollViewOffsetPreferenceBootCamp.swift */ = {isa = PBXFileReference; lastKnownFileType = sourcecode.swift; path = ScrollViewOffsetPreferenceBootCamp.swift; sourceTree = "<group>"; };
		81EA50B828054CAE0079AC74 /* AppTabBarView.swift */ = {isa = PBXFileReference; lastKnownFileType = sourcecode.swift; path = AppTabBarView.swift; sourceTree = "<group>"; };
		81EA50BA28054DD20079AC74 /* CustomTabBarView.swift */ = {isa = PBXFileReference; lastKnownFileType = sourcecode.swift; path = CustomTabBarView.swift; sourceTree = "<group>"; };
/* End PBXFileReference section */

/* Begin PBXFrameworksBuildPhase section */
		816441A727FD1B150020DD97 /* Frameworks */ = {
			isa = PBXFrameworksBuildPhase;
			buildActionMask = 2147483647;
			files = (
			);
			runOnlyForDeploymentPostprocessing = 0;
		};
/* End PBXFrameworksBuildPhase section */

/* Begin PBXGroup section */
		816441A127FD1B150020DD97 = {
			isa = PBXGroup;
			children = (
				816441AC27FD1B150020DD97 /* SwiftThinkingAdvance */,
				816441AB27FD1B150020DD97 /* Products */,
			);
			sourceTree = "<group>";
		};
		816441AB27FD1B150020DD97 /* Products */ = {
			isa = PBXGroup;
			children = (
				816441AA27FD1B150020DD97 /* SwiftThinkingAdvance.app */,
			);
			name = Products;
			sourceTree = "<group>";
		};
		816441AC27FD1B150020DD97 /* SwiftThinkingAdvance */ = {
			isa = PBXGroup;
			children = (
				816441AD27FD1B150020DD97 /* SwiftThinkingAdvanceApp.swift */,
				81B1D21A27FD29150082E0F3 /* ViewModifierBootCamp.swift */,
				81B1D21C27FD38D20082E0F3 /* ButtonStyleBootCamp.swift */,
				81C7639627FE739A00C63C16 /* AnyTransitionBootCamp.swift */,
				81C7639827FE7D6100C63C16 /* MatchedGeometryEffectBootCamp.swift */,
				81C7639A27FE9DC600C63C16 /* CustomShapesBootCamp.swift */,
				810EF77B2803D4AA002F4803 /* CustomCurvesBootCamp.swift */,
				810EF77D2803EFAA002F4803 /* AnimatableDataBootCamp.swift */,
				810EF77F2804016E002F4803 /* GenericsBootCamp.swift */,
				81EA50AE280516820079AC74 /* ViewBuilderBootCamp.swift */,
				81EA50B228053C9F0079AC74 /* PreferenceKeyBootCamp */,
				81EA50B728054C700079AC74 /* CustomTabBar */,
				81DCA013280659B300C361EC /* CustomNavBar */,
				81DCA02028069C8A00C361EC /* UIViewRepresentableBootCamp.swift */,
				81DCA0222806A8A900C361EC /* UIViewControllerRepresentableBootCamp.swift */,
				81DCA0242806B9FC00C361EC /* ProtocolBootCamp.swift */,
				816441B127FD1B170020DD97 /* Assets.xcassets */,
				816441B327FD1B170020DD97 /* Preview Content */,
			);
			path = SwiftThinkingAdvance;
			sourceTree = "<group>";
		};
		816441B327FD1B170020DD97 /* Preview Content */ = {
			isa = PBXGroup;
			children = (
				816441B427FD1B170020DD97 /* Preview Assets.xcassets */,
			);
			path = "Preview Content";
			sourceTree = "<group>";
		};
		81DCA013280659B300C361EC /* CustomNavBar */ = {
			isa = PBXGroup;
			children = (
				81DCA014280659D300C361EC /* AppNavBarView.swift */,
				81DCA01A280668B600C361EC /* CustomNavView.swift */,
				81DCA01628065BE700C361EC /* CustomNavBarView.swift */,
				81DCA01828065EA300C361EC /* CustomNavBarContainerView.swift */,
				81DCA01C28066A6E00C361EC /* CustomNavLink.swift */,
				81DCA01E28066E0100C361EC /* CustomNavBarPreferenceKeys.swift */,
			);
			path = CustomNavBar;
			sourceTree = "<group>";
		};
		81EA50B228053C9F0079AC74 /* PreferenceKeyBootCamp */ = {
			isa = PBXGroup;
			children = (
				81EA50B0280538C10079AC74 /* PreferenceKeyBootCamp.swift */,
				81EA50B328053CC30079AC74 /* GeometryPreferenceBootCamp.swift */,
				81EA50B528053FA90079AC74 /* ScrollViewOffsetPreferenceBootCamp.swift */,
			);
			path = PreferenceKeyBootCamp;
			sourceTree = "<group>";
		};
		81EA50B728054C700079AC74 /* CustomTabBar */ = {
			isa = PBXGroup;
			children = (
				81EA50B828054CAE0079AC74 /* AppTabBarView.swift */,
				81DCA00F28063F9A00C361EC /* TabBarItemsPreferenceKey.swift */,
				8150F0D9280557F50096B193 /* CustomTabBarContainerView.swift */,
				81EA50BA28054DD20079AC74 /* CustomTabBarView.swift */,
				81DCA011280642F300C361EC /* TabBarItem.swift */,
			);
			path = CustomTabBar;
			sourceTree = "<group>";
		};
/* End PBXGroup section */

/* Begin PBXNativeTarget section */
		816441A927FD1B150020DD97 /* SwiftThinkingAdvance */ = {
			isa = PBXNativeTarget;
			buildConfigurationList = 816441B827FD1B170020DD97 /* Build configuration list for PBXNativeTarget "SwiftThinkingAdvance" */;
			buildPhases = (
				816441A627FD1B150020DD97 /* Sources */,
				816441A727FD1B150020DD97 /* Frameworks */,
				816441A827FD1B150020DD97 /* Resources */,
			);
			buildRules = (
			);
			dependencies = (
			);
			name = SwiftThinkingAdvance;
			productName = SwiftThinkingAdvance;
			productReference = 816441AA27FD1B150020DD97 /* SwiftThinkingAdvance.app */;
			productType = "com.apple.product-type.application";
		};
/* End PBXNativeTarget section */

/* Begin PBXProject section */
		816441A227FD1B150020DD97 /* Project object */ = {
			isa = PBXProject;
			attributes = {
				BuildIndependentTargetsInParallel = 1;
				LastSwiftUpdateCheck = 1320;
				LastUpgradeCheck = 1320;
				TargetAttributes = {
					816441A927FD1B150020DD97 = {
						CreatedOnToolsVersion = 13.2.1;
					};
				};
			};
			buildConfigurationList = 816441A527FD1B150020DD97 /* Build configuration list for PBXProject "SwiftThinkingAdvance" */;
			compatibilityVersion = "Xcode 13.0";
			developmentRegion = en;
			hasScannedForEncodings = 0;
			knownRegions = (
				en,
				Base,
			);
			mainGroup = 816441A127FD1B150020DD97;
			productRefGroup = 816441AB27FD1B150020DD97 /* Products */;
			projectDirPath = "";
			projectRoot = "";
			targets = (
				816441A927FD1B150020DD97 /* SwiftThinkingAdvance */,
			);
		};
/* End PBXProject section */

/* Begin PBXResourcesBuildPhase section */
		816441A827FD1B150020DD97 /* Resources */ = {
			isa = PBXResourcesBuildPhase;
			buildActionMask = 2147483647;
			files = (
				816441B527FD1B170020DD97 /* Preview Assets.xcassets in Resources */,
				816441B227FD1B170020DD97 /* Assets.xcassets in Resources */,
			);
			runOnlyForDeploymentPostprocessing = 0;
		};
/* End PBXResourcesBuildPhase section */

/* Begin PBXSourcesBuildPhase section */
		816441A627FD1B150020DD97 /* Sources */ = {
			isa = PBXSourcesBuildPhase;
			buildActionMask = 2147483647;
			files = (
				81DCA0232806A8A900C361EC /* UIViewControllerRepresentableBootCamp.swift in Sources */,
				81DCA015280659D300C361EC /* AppNavBarView.swift in Sources */,
				81DCA01028063F9A00C361EC /* TabBarItemsPreferenceKey.swift in Sources */,
				81DCA0252806B9FC00C361EC /* ProtocolBootCamp.swift in Sources */,
				81EA50B928054CAE0079AC74 /* AppTabBarView.swift in Sources */,
				81EA50B1280538C10079AC74 /* PreferenceKeyBootCamp.swift in Sources */,
				81B1D21B27FD29150082E0F3 /* ViewModifierBootCamp.swift in Sources */,
				81C7639B27FE9DC600C63C16 /* CustomShapesBootCamp.swift in Sources */,
				81C7639927FE7D6100C63C16 /* MatchedGeometryEffectBootCamp.swift in Sources */,
				81B1D21D27FD38D20082E0F3 /* ButtonStyleBootCamp.swift in Sources */,
				81EA50BB28054DD20079AC74 /* CustomTabBarView.swift in Sources */,
				81DCA01B280668B600C361EC /* CustomNavView.swift in Sources */,
				81DCA01728065BE700C361EC /* CustomNavBarView.swift in Sources */,
				810EF77E2803EFAA002F4803 /* AnimatableDataBootCamp.swift in Sources */,
				81EA50B628053FA90079AC74 /* ScrollViewOffsetPreferenceBootCamp.swift in Sources */,
				81DCA01D28066A6E00C361EC /* CustomNavLink.swift in Sources */,
				81DCA01F28066E0100C361EC /* CustomNavBarPreferenceKeys.swift in Sources */,
				81EA50B428053CC30079AC74 /* GeometryPreferenceBootCamp.swift in Sources */,
				810EF7802804016E002F4803 /* GenericsBootCamp.swift in Sources */,
				81DCA012280642F300C361EC /* TabBarItem.swift in Sources */,
				81C7639727FE739A00C63C16 /* AnyTransitionBootCamp.swift in Sources */,
				81EA50AF280516820079AC74 /* ViewBuilderBootCamp.swift in Sources */,
				81DCA01928065EA300C361EC /* CustomNavBarContainerView.swift in Sources */,
				810EF77C2803D4AA002F4803 /* CustomCurvesBootCamp.swift in Sources */,
				816441AE27FD1B150020DD97 /* SwiftThinkingAdvanceApp.swift in Sources */,
				8150F0DA280557F50096B193 /* CustomTabBarContainerView.swift in Sources */,
				81DCA02128069C8A00C361EC /* UIViewRepresentableBootCamp.swift in Sources */,
			);
			runOnlyForDeploymentPostprocessing = 0;
		};
/* End PBXSourcesBuildPhase section */

/* Begin XCBuildConfiguration section */
		816441B627FD1B170020DD97 /* Debug */ = {
			isa = XCBuildConfiguration;
			buildSettings = {
				ALWAYS_SEARCH_USER_PATHS = NO;
				CLANG_ANALYZER_NONNULL = YES;
				CLANG_ANALYZER_NUMBER_OBJECT_CONVERSION = YES_AGGRESSIVE;
				CLANG_CXX_LANGUAGE_STANDARD = "gnu++17";
				CLANG_CXX_LIBRARY = "libc++";
				CLANG_ENABLE_MODULES = YES;
				CLANG_ENABLE_OBJC_ARC = YES;
				CLANG_ENABLE_OBJC_WEAK = YES;
				CLANG_WARN_BLOCK_CAPTURE_AUTORELEASING = YES;
				CLANG_WARN_BOOL_CONVERSION = YES;
				CLANG_WARN_COMMA = YES;
				CLANG_WARN_CONSTANT_CONVERSION = YES;
				CLANG_WARN_DEPRECATED_OBJC_IMPLEMENTATIONS = YES;
				CLANG_WARN_DIRECT_OBJC_ISA_USAGE = YES_ERROR;
				CLANG_WARN_DOCUMENTATION_COMMENTS = YES;
				CLANG_WARN_EMPTY_BODY = YES;
				CLANG_WARN_ENUM_CONVERSION = YES;
				CLANG_WARN_INFINITE_RECURSION = YES;
				CLANG_WARN_INT_CONVERSION = YES;
				CLANG_WARN_NON_LITERAL_NULL_CONVERSION = YES;
				CLANG_WARN_OBJC_IMPLICIT_RETAIN_SELF = YES;
				CLANG_WARN_OBJC_LITERAL_CONVERSION = YES;
				CLANG_WARN_OBJC_ROOT_CLASS = YES_ERROR;
				CLANG_WARN_QUOTED_INCLUDE_IN_FRAMEWORK_HEADER = YES;
				CLANG_WARN_RANGE_LOOP_ANALYSIS = YES;
				CLANG_WARN_STRICT_PROTOTYPES = YES;
				CLANG_WARN_SUSPICIOUS_MOVE = YES;
				CLANG_WARN_UNGUARDED_AVAILABILITY = YES_AGGRESSIVE;
				CLANG_WARN_UNREACHABLE_CODE = YES;
				CLANG_WARN__DUPLICATE_METHOD_MATCH = YES;
				COPY_PHASE_STRIP = NO;
				DEBUG_INFORMATION_FORMAT = dwarf;
				ENABLE_STRICT_OBJC_MSGSEND = YES;
				ENABLE_TESTABILITY = YES;
				GCC_C_LANGUAGE_STANDARD = gnu11;
				GCC_DYNAMIC_NO_PIC = NO;
				GCC_NO_COMMON_BLOCKS = YES;
				GCC_OPTIMIZATION_LEVEL = 0;
				GCC_PREPROCESSOR_DEFINITIONS = (
					"DEBUG=1",
					"$(inherited)",
				);
				GCC_WARN_64_TO_32_BIT_CONVERSION = YES;
				GCC_WARN_ABOUT_RETURN_TYPE = YES_ERROR;
				GCC_WARN_UNDECLARED_SELECTOR = YES;
				GCC_WARN_UNINITIALIZED_AUTOS = YES_AGGRESSIVE;
				GCC_WARN_UNUSED_FUNCTION = YES;
				GCC_WARN_UNUSED_VARIABLE = YES;
				IPHONEOS_DEPLOYMENT_TARGET = 15.2;
				MTL_ENABLE_DEBUG_INFO = INCLUDE_SOURCE;
				MTL_FAST_MATH = YES;
				ONLY_ACTIVE_ARCH = YES;
				SDKROOT = iphoneos;
				SWIFT_ACTIVE_COMPILATION_CONDITIONS = DEBUG;
				SWIFT_OPTIMIZATION_LEVEL = "-Onone";
			};
			name = Debug;
		};
		816441B727FD1B170020DD97 /* Release */ = {
			isa = XCBuildConfiguration;
			buildSettings = {
				ALWAYS_SEARCH_USER_PATHS = NO;
				CLANG_ANALYZER_NONNULL = YES;
				CLANG_ANALYZER_NUMBER_OBJECT_CONVERSION = YES_AGGRESSIVE;
				CLANG_CXX_LANGUAGE_STANDARD = "gnu++17";
				CLANG_CXX_LIBRARY = "libc++";
				CLANG_ENABLE_MODULES = YES;
				CLANG_ENABLE_OBJC_ARC = YES;
				CLANG_ENABLE_OBJC_WEAK = YES;
				CLANG_WARN_BLOCK_CAPTURE_AUTORELEASING = YES;
				CLANG_WARN_BOOL_CONVERSION = YES;
				CLANG_WARN_COMMA = YES;
				CLANG_WARN_CONSTANT_CONVERSION = YES;
				CLANG_WARN_DEPRECATED_OBJC_IMPLEMENTATIONS = YES;
				CLANG_WARN_DIRECT_OBJC_ISA_USAGE = YES_ERROR;
				CLANG_WARN_DOCUMENTATION_COMMENTS = YES;
				CLANG_WARN_EMPTY_BODY = YES;
				CLANG_WARN_ENUM_CONVERSION = YES;
				CLANG_WARN_INFINITE_RECURSION = YES;
				CLANG_WARN_INT_CONVERSION = YES;
				CLANG_WARN_NON_LITERAL_NULL_CONVERSION = YES;
				CLANG_WARN_OBJC_IMPLICIT_RETAIN_SELF = YES;
				CLANG_WARN_OBJC_LITERAL_CONVERSION = YES;
				CLANG_WARN_OBJC_ROOT_CLASS = YES_ERROR;
				CLANG_WARN_QUOTED_INCLUDE_IN_FRAMEWORK_HEADER = YES;
				CLANG_WARN_RANGE_LOOP_ANALYSIS = YES;
				CLANG_WARN_STRICT_PROTOTYPES = YES;
				CLANG_WARN_SUSPICIOUS_MOVE = YES;
				CLANG_WARN_UNGUARDED_AVAILABILITY = YES_AGGRESSIVE;
				CLANG_WARN_UNREACHABLE_CODE = YES;
				CLANG_WARN__DUPLICATE_METHOD_MATCH = YES;
				COPY_PHASE_STRIP = NO;
				DEBUG_INFORMATION_FORMAT = "dwarf-with-dsym";
				ENABLE_NS_ASSERTIONS = NO;
				ENABLE_STRICT_OBJC_MSGSEND = YES;
				GCC_C_LANGUAGE_STANDARD = gnu11;
				GCC_NO_COMMON_BLOCKS = YES;
				GCC_WARN_64_TO_32_BIT_CONVERSION = YES;
				GCC_WARN_ABOUT_RETURN_TYPE = YES_ERROR;
				GCC_WARN_UNDECLARED_SELECTOR = YES;
				GCC_WARN_UNINITIALIZED_AUTOS = YES_AGGRESSIVE;
				GCC_WARN_UNUSED_FUNCTION = YES;
				GCC_WARN_UNUSED_VARIABLE = YES;
				IPHONEOS_DEPLOYMENT_TARGET = 15.2;
				MTL_ENABLE_DEBUG_INFO = NO;
				MTL_FAST_MATH = YES;
				SDKROOT = iphoneos;
				SWIFT_COMPILATION_MODE = wholemodule;
				SWIFT_OPTIMIZATION_LEVEL = "-O";
				VALIDATE_PRODUCT = YES;
			};
			name = Release;
		};
		816441B927FD1B170020DD97 /* Debug */ = {
			isa = XCBuildConfiguration;
			buildSettings = {
				ASSETCATALOG_COMPILER_APPICON_NAME = AppIcon;
				ASSETCATALOG_COMPILER_GLOBAL_ACCENT_COLOR_NAME = AccentColor;
				CODE_SIGN_STYLE = Automatic;
				CURRENT_PROJECT_VERSION = 1;
				DEVELOPMENT_ASSET_PATHS = "\"SwiftThinkingAdvance/Preview Content\"";
				DEVELOPMENT_TEAM = M63L6X73D4;
				ENABLE_PREVIEWS = YES;
				GENERATE_INFOPLIST_FILE = YES;
				INFOPLIST_KEY_UIApplicationSceneManifest_Generation = YES;
				INFOPLIST_KEY_UIApplicationSupportsIndirectInputEvents = YES;
				INFOPLIST_KEY_UILaunchScreen_Generation = YES;
				INFOPLIST_KEY_UISupportedInterfaceOrientations_iPad = "UIInterfaceOrientationPortrait UIInterfaceOrientationPortraitUpsideDown UIInterfaceOrientationLandscapeLeft UIInterfaceOrientationLandscapeRight";
				INFOPLIST_KEY_UISupportedInterfaceOrientations_iPhone = "UIInterfaceOrientationPortrait UIInterfaceOrientationLandscapeLeft UIInterfaceOrientationLandscapeRight";
				LD_RUNPATH_SEARCH_PATHS = (
					"$(inherited)",
					"@executable_path/Frameworks",
				);
				MARKETING_VERSION = 1.0;
				PRODUCT_BUNDLE_IDENTIFIER = info.jacobko.SwiftThinkingAdvance;
				PRODUCT_NAME = "$(TARGET_NAME)";
				SWIFT_EMIT_LOC_STRINGS = YES;
				SWIFT_VERSION = 5.0;
				TARGETED_DEVICE_FAMILY = "1,2";
			};
			name = Debug;
		};
		816441BA27FD1B170020DD97 /* Release */ = {
			isa = XCBuildConfiguration;
			buildSettings = {
				ASSETCATALOG_COMPILER_APPICON_NAME = AppIcon;
				ASSETCATALOG_COMPILER_GLOBAL_ACCENT_COLOR_NAME = AccentColor;
				CODE_SIGN_STYLE = Automatic;
				CURRENT_PROJECT_VERSION = 1;
				DEVELOPMENT_ASSET_PATHS = "\"SwiftThinkingAdvance/Preview Content\"";
				DEVELOPMENT_TEAM = M63L6X73D4;
				ENABLE_PREVIEWS = YES;
				GENERATE_INFOPLIST_FILE = YES;
				INFOPLIST_KEY_UIApplicationSceneManifest_Generation = YES;
				INFOPLIST_KEY_UIApplicationSupportsIndirectInputEvents = YES;
				INFOPLIST_KEY_UILaunchScreen_Generation = YES;
				INFOPLIST_KEY_UISupportedInterfaceOrientations_iPad = "UIInterfaceOrientationPortrait UIInterfaceOrientationPortraitUpsideDown UIInterfaceOrientationLandscapeLeft UIInterfaceOrientationLandscapeRight";
				INFOPLIST_KEY_UISupportedInterfaceOrientations_iPhone = "UIInterfaceOrientationPortrait UIInterfaceOrientationLandscapeLeft UIInterfaceOrientationLandscapeRight";
				LD_RUNPATH_SEARCH_PATHS = (
					"$(inherited)",
					"@executable_path/Frameworks",
				);
				MARKETING_VERSION = 1.0;
				PRODUCT_BUNDLE_IDENTIFIER = info.jacobko.SwiftThinkingAdvance;
				PRODUCT_NAME = "$(TARGET_NAME)";
				SWIFT_EMIT_LOC_STRINGS = YES;
				SWIFT_VERSION = 5.0;
				TARGETED_DEVICE_FAMILY = "1,2";
			};
			name = Release;
		};
/* End XCBuildConfiguration section */

/* Begin XCConfigurationList section */
		816441A527FD1B150020DD97 /* Build configuration list for PBXProject "SwiftThinkingAdvance" */ = {
			isa = XCConfigurationList;
			buildConfigurations = (
				816441B627FD1B170020DD97 /* Debug */,
				816441B727FD1B170020DD97 /* Release */,
			);
			defaultConfigurationIsVisible = 0;
			defaultConfigurationName = Release;
		};
		816441B827FD1B170020DD97 /* Build configuration list for PBXNativeTarget "SwiftThinkingAdvance" */ = {
			isa = XCConfigurationList;
			buildConfigurations = (
				816441B927FD1B170020DD97 /* Debug */,
				816441BA27FD1B170020DD97 /* Release */,
			);
			defaultConfigurationIsVisible = 0;
			defaultConfigurationName = Release;
		};
/* End XCConfigurationList section */
	};
	rootObject = 816441A227FD1B150020DD97 /* Project object */;
}
